
Microsoft Visual Studio Solution File, Format Version 11.00
# Visual Studio 2010
Project("{FAE04EC0-301F-11D3-BF4B-00C04F79EFBC}") = "Authy.Net", "Authy.Net\Authy.Net.csproj", "{E737C793-194E-48A4-8523-4AA376691542}"
EndProject
Project("{FAE04EC0-301F-11D3-BF4B-00C04F79EFBC}") = "Authy.Net.Tests", "Authy.Net.Tests\Authy.Net.Tests.csproj", "{3A94E63C-92A6-4572-8795-BCC3242870DF}"
EndProject
Project("{2150E333-8FDC-42A3-9474-1A3956D46DE8}") = "Solution Items", "Solution Items", "{6B67446D-43B1-4F72-AB33-8F5CFB7270F3}"
	ProjectSection(SolutionItems) = preProject
		Authy.Net.vsmdi = Authy.Net.vsmdi
		Local.testsettings = Local.testsettings
		TraceAndTestImpact.testsettings = TraceAndTestImpact.testsettings
	EndProjectSection
EndProject
Global
	GlobalSection(TestCaseManagementSettings) = postSolution
		CategoryFile = Authy.Net.vsmdi
	EndGlobalSection
	GlobalSection(SolutionConfigurationPlatforms) = preSolution
		Debug|Any CPU = Debug|Any CPU
		Release|Any CPU = Release|Any CPU
	EndGlobalSection
	GlobalSection(ProjectConfigurationPlatforms) = postSolution
		{E737C793-194E-48A4-8523-4AA376691542}.Debug|Any CPU.ActiveCfg = Debug|Any CPU
		{E737C793-194E-48A4-8523-4AA376691542}.Debug|Any CPU.Build.0 = Debug|Any CPU
		{E737C793-194E-48A4-8523-4AA376691542}.Release|Any CPU.ActiveCfg = Release|Any CPU
		{E737C793-194E-48A4-8523-4AA376691542}.Release|Any CPU.Build.0 = Release|Any CPU
		{3A94E63C-92A6-4572-8795-BCC3242870DF}.Debug|Any CPU.ActiveCfg = Debug|Any CPU
		{3A94E63C-92A6-4572-8795-BCC3242870DF}.Debug|Any CPU.Build.0 = Debug|Any CPU
		{3A94E63C-92A6-4572-8795-BCC3242870DF}.Release|Any CPU.ActiveCfg = Release|Any CPU
		{3A94E63C-92A6-4572-8795-BCC3242870DF}.Release|Any CPU.Build.0 = Release|Any CPU
	EndGlobalSection
	GlobalSection(SolutionProperties) = preSolution
		HideSolutionNode = FALSE
	EndGlobalSection
EndGlobal
